
Microsoft Visual Studio Solution File, Format Version 12.00
# Visual Studio Version 16
VisualStudioVersion = 16.0.29519.181
MinimumVisualStudioVersion = 10.0.40219.1
Project("{9A19103F-16F7-4668-BE54-9A1E7A4F7556}") = "BlockM3.Imaging.Fingerprint", "BlockM3.Imaging.Fingerprint\BlockM3.Imaging.Fingerprint.csproj", "{FB59CF14-0C0E-4C08-9C40-F87B3A6CFF45}"
EndProject
Project("{9A19103F-16F7-4668-BE54-9A1E7A4F7556}") = "BlockM3.Imaging.Fingerprint.Test", "BlockM3.Imaging.Fingerprint.Test\BlockM3.Imaging.Fingerprint.Test.csproj", "{D8EA7C9B-3393-4A42-AD75-34798BDCEF61}"
EndProject
Global
	GlobalSection(SolutionConfigurationPlatforms) = preSolution
		Debug|Any CPU = Debug|Any CPU
		Release|Any CPU = Release|Any CPU
	EndGlobalSection
	GlobalSection(ProjectConfigurationPlatforms) = postSolution
		{FB59CF14-0C0E-4C08-9C40-F87B3A6CFF45}.Debug|Any CPU.ActiveCfg = Debug|Any CPU
		{FB59CF14-0C0E-4C08-9C40-F87B3A6CFF45}.Debug|Any CPU.Build.0 = Debug|Any CPU
		{FB59CF14-0C0E-4C08-9C40-F87B3A6CFF45}.Release|Any CPU.ActiveCfg = Release|Any CPU
		{FB59CF14-0C0E-4C08-9C40-F87B3A6CFF45}.Release|Any CPU.Build.0 = Release|Any CPU
		{D8EA7C9B-3393-4A42-AD75-34798BDCEF61}.Debug|Any CPU.ActiveCfg = Debug|Any CPU
		{D8EA7C9B-3393-4A42-AD75-34798BDCEF61}.Debug|Any CPU.Build.0 = Debug|Any CPU
		{D8EA7C9B-3393-4A42-AD75-34798BDCEF61}.Release|Any CPU.ActiveCfg = Release|Any CPU
		{D8EA7C9B-3393-4A42-AD75-34798BDCEF61}.Release|Any CPU.Build.0 = Release|Any CPU
	EndGlobalSection
	GlobalSection(SolutionProperties) = preSolution
		HideSolutionNode = FALSE
	EndGlobalSection
	GlobalSection(ExtensibilityGlobals) = postSolution
		SolutionGuid = {622CBEBD-871C-4AA0-A666-4973D81F3137}
	EndGlobalSection
EndGlobal
